
Microsoft Visual Studio Solution File, Format Version 12.00
# Visual Studio 15
VisualStudioVersion = 15.0.26730.10
MinimumVisualStudioVersion = 10.0.40219.1
Project("{FAE04EC0-301F-11D3-BF4B-00C04F79EFBC}") = "SimpleLyricsEditor", "SimpleLyricsEditor\SimpleLyricsEditor.csproj", "{62AA91D2-DED2-4FD1-A177-A50BDC2D398D}"
EndProject
Project("{FAE04EC0-301F-11D3-BF4B-00C04F79EFBC}") = "SimpleLyricsEditor.ValueConvert", "SimpleLyricsEditor.ValueConvert\SimpleLyricsEditor.ValueConvert.csproj", "{7D550156-C386-4928-A077-B048EAD45DBD}"
EndProject
Project("{FAE04EC0-301F-11D3-BF4B-00C04F79EFBC}") = "SimpleLyricsEditor.BLL", "SimpleLyricsEditor.BLL\SimpleLyricsEditor.BLL.csproj", "{FD5E3A9F-C3CA-440B-96C6-9CCBAF7DC15B}"
EndProject
Project("{FAE04EC0-301F-11D3-BF4B-00C04F79EFBC}") = "SimpleLyricsEditor.DAL", "SimpleLyricsEditor.DAL\SimpleLyricsEditor.DAL.csproj", "{30BDA5B5-8533-4C63-8878-E5FB60ECF23E}"
EndProject
Project("{FAE04EC0-301F-11D3-BF4B-00C04F79EFBC}") = "SimpleLyricsEditor.Control", "SimpleLyricsEditor.Control\SimpleLyricsEditor.Control.csproj", "{1B727920-277E-4AC2-B34D-1885AFA989B5}"
EndProject
Project("{FAE04EC0-301F-11D3-BF4B-00C04F79EFBC}") = "SimpleLyricsEditor.Core", "SimpleLyricsEditor.Core\SimpleLyricsEditor.Core.csproj", "{AF9A2DAD-4ECE-4A03-81D3-DEDE622420F1}"
EndProject
Project("{FAE04EC0-301F-11D3-BF4B-00C04F79EFBC}") = "SimpleLyricsEditor.IBLL", "SimpleLyricsEditor.IBLL\SimpleLyricsEditor.IBLL.csproj", "{EC1E7E47-5E84-41EB-B54B-AA35D705EB53}"
EndProject
Project("{FAE04EC0-301F-11D3-BF4B-00C04F79EFBC}") = "SimpleLyricsEditor.IDAL", "SimpleLyricsEditor.IDAL\SimpleLyricsEditor.IDAL.csproj", "{81479079-CF8A-45FB-A16E-7278FEDD0BA4}"
EndProject
Project("{FAE04EC0-301F-11D3-BF4B-00C04F79EFBC}") = "SimpleLyricsEditor.DAL.Factory", "SimpleLyricsEditor.DAL.Factory\SimpleLyricsEditor.DAL.Factory.csproj", "{E4496560-8B76-43E4-AC13-9DCAA5053D43}"
EndProject
Project("{FAE04EC0-301F-11D3-BF4B-00C04F79EFBC}") = "SimpleLyricsEditor.EventArgses", "SimpleLyricsEditor.EventArgses\SimpleLyricsEditor.EventArgses.csproj", "{39978C13-4B95-418B-BB85-D26601A4A346}"
EndProject
Global
	GlobalSection(SolutionConfigurationPlatforms) = preSolution
		Debug|Any CPU = Debug|Any CPU
		Debug|ARM = Debug|ARM
		Debug|x64 = Debug|x64
		Debug|x86 = Debug|x86
		Release|Any CPU = Release|Any CPU
		Release|ARM = Release|ARM
		Release|x64 = Release|x64
		Release|x86 = Release|x86
	EndGlobalSection
	GlobalSection(ProjectConfigurationPlatforms) = postSolution
		{62AA91D2-DED2-4FD1-A177-A50BDC2D398D}.Debug|Any CPU.ActiveCfg = Debug|x86
		{62AA91D2-DED2-4FD1-A177-A50BDC2D398D}.Debug|ARM.ActiveCfg = Debug|ARM
		{62AA91D2-DED2-4FD1-A177-A50BDC2D398D}.Debug|ARM.Build.0 = Debug|ARM
		{62AA91D2-DED2-4FD1-A177-A50BDC2D398D}.Debug|ARM.Deploy.0 = Debug|ARM
		{62AA91D2-DED2-4FD1-A177-A50BDC2D398D}.Debug|x64.ActiveCfg = Debug|x64
		{62AA91D2-DED2-4FD1-A177-A50BDC2D398D}.Debug|x64.Build.0 = Debug|x64
		{62AA91D2-DED2-4FD1-A177-A50BDC2D398D}.Debug|x64.Deploy.0 = Debug|x64
		{62AA91D2-DED2-4FD1-A177-A50BDC2D398D}.Debug|x86.ActiveCfg = Debug|x86
		{62AA91D2-DED2-4FD1-A177-A50BDC2D398D}.Debug|x86.Build.0 = Debug|x86
		{62AA91D2-DED2-4FD1-A177-A50BDC2D398D}.Debug|x86.Deploy.0 = Debug|x86
		{62AA91D2-DED2-4FD1-A177-A50BDC2D398D}.Release|Any CPU.ActiveCfg = Release|x86
		{62AA91D2-DED2-4FD1-A177-A50BDC2D398D}.Release|ARM.ActiveCfg = Release|ARM
		{62AA91D2-DED2-4FD1-A177-A50BDC2D398D}.Release|ARM.Build.0 = Release|ARM
		{62AA91D2-DED2-4FD1-A177-A50BDC2D398D}.Release|ARM.Deploy.0 = Release|ARM
		{62AA91D2-DED2-4FD1-A177-A50BDC2D398D}.Release|x64.ActiveCfg = Release|x64
		{62AA91D2-DED2-4FD1-A177-A50BDC2D398D}.Release|x64.Build.0 = Release|x64
		{62AA91D2-DED2-4FD1-A177-A50BDC2D398D}.Release|x64.Deploy.0 = Release|x64
		{62AA91D2-DED2-4FD1-A177-A50BDC2D398D}.Release|x86.ActiveCfg = Release|x86
		{62AA91D2-DED2-4FD1-A177-A50BDC2D398D}.Release|x86.Build.0 = Release|x86
		{62AA91D2-DED2-4FD1-A177-A50BDC2D398D}.Release|x86.Deploy.0 = Release|x86
		{7D550156-C386-4928-A077-B048EAD45DBD}.Debug|Any CPU.ActiveCfg = Debug|Any CPU
		{7D550156-C386-4928-A077-B048EAD45DBD}.Debug|Any CPU.Build.0 = Debug|Any CPU
		{7D550156-C386-4928-A077-B048EAD45DBD}.Debug|ARM.ActiveCfg = Debug|ARM
		{7D550156-C386-4928-A077-B048EAD45DBD}.Debug|ARM.Build.0 = Debug|ARM
		{7D550156-C386-4928-A077-B048EAD45DBD}.Debug|x64.ActiveCfg = Debug|x64
		{7D550156-C386-4928-A077-B048EAD45DBD}.Debug|x64.Build.0 = Debug|x64
		{7D550156-C386-4928-A077-B048EAD45DBD}.Debug|x86.ActiveCfg = Debug|x86
		{7D550156-C386-4928-A077-B048EAD45DBD}.Debug|x86.Build.0 = Debug|x86
		{7D550156-C386-4928-A077-B048EAD45DBD}.Release|Any CPU.ActiveCfg = Release|Any CPU
		{7D550156-C386-4928-A077-B048EAD45DBD}.Release|Any CPU.Build.0 = Release|Any CPU
		{7D550156-C386-4928-A077-B048EAD45DBD}.Release|ARM.ActiveCfg = Release|ARM
		{7D550156-C386-4928-A077-B048EAD45DBD}.Release|ARM.Build.0 = Release|ARM
		{7D550156-C386-4928-A077-B048EAD45DBD}.Release|x64.ActiveCfg = Release|x64
		{7D550156-C386-4928-A077-B048EAD45DBD}.Release|x64.Build.0 = Release|x64
		{7D550156-C386-4928-A077-B048EAD45DBD}.Release|x86.ActiveCfg = Release|x86
		{7D550156-C386-4928-A077-B048EAD45DBD}.Release|x86.Build.0 = Release|x86
		{FD5E3A9F-C3CA-440B-96C6-9CCBAF7DC15B}.Debug|Any CPU.ActiveCfg = Debug|Any CPU
		{FD5E3A9F-C3CA-440B-96C6-9CCBAF7DC15B}.Debug|Any CPU.Build.0 = Debug|Any CPU
		{FD5E3A9F-C3CA-440B-96C6-9CCBAF7DC15B}.Debug|ARM.ActiveCfg = Debug|ARM
		{FD5E3A9F-C3CA-440B-96C6-9CCBAF7DC15B}.Debug|ARM.Build.0 = Debug|ARM
		{FD5E3A9F-C3CA-440B-96C6-9CCBAF7DC15B}.Debug|x64.ActiveCfg = Debug|x64
		{FD5E3A9F-C3CA-440B-96C6-9CCBAF7DC15B}.Debug|x64.Build.0 = Debug|x64
		{FD5E3A9F-C3CA-440B-96C6-9CCBAF7DC15B}.Debug|x86.ActiveCfg = Debug|x86
		{FD5E3A9F-C3CA-440B-96C6-9CCBAF7DC15B}.Debug|x86.Build.0 = Debug|x86
		{FD5E3A9F-C3CA-440B-96C6-9CCBAF7DC15B}.Release|Any CPU.ActiveCfg = Release|Any CPU
		{FD5E3A9F-C3CA-440B-96C6-9CCBAF7DC15B}.Release|Any CPU.Build.0 = Release|Any CPU
		{FD5E3A9F-C3CA-440B-96C6-9CCBAF7DC15B}.Release|ARM.ActiveCfg = Release|ARM
		{FD5E3A9F-C3CA-440B-96C6-9CCBAF7DC15B}.Release|ARM.Build.0 = Release|ARM
		{FD5E3A9F-C3CA-440B-96C6-9CCBAF7DC15B}.Release|x64.ActiveCfg = Release|x64
		{FD5E3A9F-C3CA-440B-96C6-9CCBAF7DC15B}.Release|x64.Build.0 = Release|x64
		{FD5E3A9F-C3CA-440B-96C6-9CCBAF7DC15B}.Release|x86.ActiveCfg = Release|x86
		{FD5E3A9F-C3CA-440B-96C6-9CCBAF7DC15B}.Release|x86.Build.0 = Release|x86
		{30BDA5B5-8533-4C63-8878-E5FB60ECF23E}.Debug|Any CPU.ActiveCfg = Debug|Any CPU
		{30BDA5B5-8533-4C63-8878-E5FB60ECF23E}.Debug|Any CPU.Build.0 = Debug|Any CPU
		{30BDA5B5-8533-4C63-8878-E5FB60ECF23E}.Debug|ARM.ActiveCfg = Debug|ARM
		{30BDA5B5-8533-4C63-8878-E5FB60ECF23E}.Debug|ARM.Build.0 = Debug|ARM
		{30BDA5B5-8533-4C63-8878-E5FB60ECF23E}.Debug|x64.ActiveCfg = Debug|x64
		{30BDA5B5-8533-4C63-8878-E5FB60ECF23E}.Debug|x64.Build.0 = Debug|x64
		{30BDA5B5-8533-4C63-8878-E5FB60ECF23E}.Debug|x86.ActiveCfg = Debug|x86
		{30BDA5B5-8533-4C63-8878-E5FB60ECF23E}.Debug|x86.Build.0 = Debug|x86
		{30BDA5B5-8533-4C63-8878-E5FB60ECF23E}.Release|Any CPU.ActiveCfg = Release|Any CPU
		{30BDA5B5-8533-4C63-8878-E5FB60ECF23E}.Release|Any CPU.Build.0 = Release|Any CPU
		{30BDA5B5-8533-4C63-8878-E5FB60ECF23E}.Release|ARM.ActiveCfg = Release|ARM
		{30BDA5B5-8533-4C63-8878-E5FB60ECF23E}.Release|ARM.Build.0 = Release|ARM
		{30BDA5B5-8533-4C63-8878-E5FB60ECF23E}.Release|x64.ActiveCfg = Release|x64
		{30BDA5B5-8533-4C63-8878-E5FB60ECF23E}.Release|x64.Build.0 = Release|x64
		{30BDA5B5-8533-4C63-8878-E5FB60ECF23E}.Release|x86.ActiveCfg = Release|x86
		{30BDA5B5-8533-4C63-8878-E5FB60ECF23E}.Release|x86.Build.0 = Release|x86
		{1B727920-277E-4AC2-B34D-1885AFA989B5}.Debug|Any CPU.ActiveCfg = Debug|Any CPU
		{1B727920-277E-4AC2-B34D-1885AFA989B5}.Debug|Any CPU.Build.0 = Debug|Any CPU
		{1B727920-277E-4AC2-B34D-1885AFA989B5}.Debug|ARM.ActiveCfg = Debug|ARM
		{1B727920-277E-4AC2-B34D-1885AFA989B5}.Debug|ARM.Build.0 = Debug|ARM
		{1B727920-277E-4AC2-B34D-1885AFA989B5}.Debug|x64.ActiveCfg = Debug|x64
		{1B727920-277E-4AC2-B34D-1885AFA989B5}.Debug|x64.Build.0 = Debug|x64
		{1B727920-277E-4AC2-B34D-1885AFA989B5}.Debug|x86.ActiveCfg = Debug|x86
		{1B727920-277E-4AC2-B34D-1885AFA989B5}.Debug|x86.Build.0 = Debug|x86
		{1B727920-277E-4AC2-B34D-1885AFA989B5}.Release|Any CPU.ActiveCfg = Release|Any CPU
		{1B727920-277E-4AC2-B34D-1885AFA989B5}.Release|Any CPU.Build.0 = Release|Any CPU
		{1B727920-277E-4AC2-B34D-1885AFA989B5}.Release|ARM.ActiveCfg = Release|ARM
		{1B727920-277E-4AC2-B34D-1885AFA989B5}.Release|ARM.Build.0 = Release|ARM
		{1B727920-277E-4AC2-B34D-1885AFA989B5}.Release|x64.ActiveCfg = Release|x64
		{1B727920-277E-4AC2-B34D-1885AFA989B5}.Release|x64.Build.0 = Release|x64
		{1B727920-277E-4AC2-B34D-1885AFA989B5}.Release|x86.ActiveCfg = Release|x86
		{1B727920-277E-4AC2-B34D-1885AFA989B5}.Release|x86.Build.0 = Release|x86
		{AF9A2DAD-4ECE-4A03-81D3-DEDE622420F1}.Debug|Any CPU.ActiveCfg = Debug|Any CPU
		{AF9A2DAD-4ECE-4A03-81D3-DEDE622420F1}.Debug|Any CPU.Build.0 = Debug|Any CPU
		{AF9A2DAD-4ECE-4A03-81D3-DEDE622420F1}.Debug|ARM.ActiveCfg = Debug|ARM
		{AF9A2DAD-4ECE-4A03-81D3-DEDE622420F1}.Debug|ARM.Build.0 = Debug|ARM
		{AF9A2DAD-4ECE-4A03-81D3-DEDE622420F1}.Debug|x64.ActiveCfg = Debug|x64
		{AF9A2DAD-4ECE-4A03-81D3-DEDE622420F1}.Debug|x64.Build.0 = Debug|x64
		{AF9A2DAD-4ECE-4A03-81D3-DEDE622420F1}.Debug|x86.ActiveCfg = Debug|x86
		{AF9A2DAD-4ECE-4A03-81D3-DEDE622420F1}.Debug|x86.Build.0 = Debug|x86
		{AF9A2DAD-4ECE-4A03-81D3-DEDE622420F1}.Release|Any CPU.ActiveCfg = Release|Any CPU
		{AF9A2DAD-4ECE-4A03-81D3-DEDE622420F1}.Release|Any CPU.Build.0 = Release|Any CPU
		{AF9A2DAD-4ECE-4A03-81D3-DEDE622420F1}.Release|ARM.ActiveCfg = Release|ARM
		{AF9A2DAD-4ECE-4A03-81D3-DEDE622420F1}.Release|ARM.Build.0 = Release|ARM
		{AF9A2DAD-4ECE-4A03-81D3-DEDE622420F1}.Release|x64.ActiveCfg = Release|x64
		{AF9A2DAD-4ECE-4A03-81D3-DEDE622420F1}.Release|x64.Build.0 = Release|x64
		{AF9A2DAD-4ECE-4A03-81D3-DEDE622420F1}.Release|x86.ActiveCfg = Release|x86
		{AF9A2DAD-4ECE-4A03-81D3-DEDE622420F1}.Release|x86.Build.0 = Release|x86
		{EC1E7E47-5E84-41EB-B54B-AA35D705EB53}.Debug|Any CPU.ActiveCfg = Debug|Any CPU
		{EC1E7E47-5E84-41EB-B54B-AA35D705EB53}.Debug|Any CPU.Build.0 = Debug|Any CPU
		{EC1E7E47-5E84-41EB-B54B-AA35D705EB53}.Debug|ARM.ActiveCfg = Debug|ARM
		{EC1E7E47-5E84-41EB-B54B-AA35D705EB53}.Debug|ARM.Build.0 = Debug|ARM
		{EC1E7E47-5E84-41EB-B54B-AA35D705EB53}.Debug|x64.ActiveCfg = Debug|x64
		{EC1E7E47-5E84-41EB-B54B-AA35D705EB53}.Debug|x64.Build.0 = Debug|x64
		{EC1E7E47-5E84-41EB-B54B-AA35D705EB53}.Debug|x86.ActiveCfg = Debug|x86
		{EC1E7E47-5E84-41EB-B54B-AA35D705EB53}.Debug|x86.Build.0 = Debug|x86
		{EC1E7E47-5E84-41EB-B54B-AA35D705EB53}.Release|Any CPU.ActiveCfg = Release|Any CPU
		{EC1E7E47-5E84-41EB-B54B-AA35D705EB53}.Release|Any CPU.Build.0 = Release|Any CPU
		{EC1E7E47-5E84-41EB-B54B-AA35D705EB53}.Release|ARM.ActiveCfg = Release|ARM
		{EC1E7E47-5E84-41EB-B54B-AA35D705EB53}.Release|ARM.Build.0 = Release|ARM
		{EC1E7E47-5E84-41EB-B54B-AA35D705EB53}.Release|x64.ActiveCfg = Release|x64
		{EC1E7E47-5E84-41EB-B54B-AA35D705EB53}.Release|x64.Build.0 = Release|x64
		{EC1E7E47-5E84-41EB-B54B-AA35D705EB53}.Release|x86.ActiveCfg = Release|x86
		{EC1E7E47-5E84-41EB-B54B-AA35D705EB53}.Release|x86.Build.0 = Release|x86
		{81479079-CF8A-45FB-A16E-7278FEDD0BA4}.Debug|Any CPU.ActiveCfg = Debug|Any CPU
		{81479079-CF8A-45FB-A16E-7278FEDD0BA4}.Debug|Any CPU.Build.0 = Debug|Any CPU
		{81479079-CF8A-45FB-A16E-7278FEDD0BA4}.Debug|ARM.ActiveCfg = Debug|ARM
		{81479079-CF8A-45FB-A16E-7278FEDD0BA4}.Debug|ARM.Build.0 = Debug|ARM
		{81479079-CF8A-45FB-A16E-7278FEDD0BA4}.Debug|x64.ActiveCfg = Debug|x64
		{81479079-CF8A-45FB-A16E-7278FEDD0BA4}.Debug|x64.Build.0 = Debug|x64
		{81479079-CF8A-45FB-A16E-7278FEDD0BA4}.Debug|x86.ActiveCfg = Debug|x86
		{81479079-CF8A-45FB-A16E-7278FEDD0BA4}.Debug|x86.Build.0 = Debug|x86
		{81479079-CF8A-45FB-A16E-7278FEDD0BA4}.Release|Any CPU.ActiveCfg = Release|Any CPU
		{81479079-CF8A-45FB-A16E-7278FEDD0BA4}.Release|Any CPU.Build.0 = Release|Any CPU
		{81479079-CF8A-45FB-A16E-7278FEDD0BA4}.Release|ARM.ActiveCfg = Release|ARM
		{81479079-CF8A-45FB-A16E-7278FEDD0BA4}.Release|ARM.Build.0 = Release|ARM
		{81479079-CF8A-45FB-A16E-7278FEDD0BA4}.Release|x64.ActiveCfg = Release|x64
		{81479079-CF8A-45FB-A16E-7278FEDD0BA4}.Release|x64.Build.0 = Release|x64
		{81479079-CF8A-45FB-A16E-7278FEDD0BA4}.Release|x86.ActiveCfg = Release|x86
		{81479079-CF8A-45FB-A16E-7278FEDD0BA4}.Release|x86.Build.0 = Release|x86
		{E4496560-8B76-43E4-AC13-9DCAA5053D43}.Debug|Any CPU.ActiveCfg = Debug|Any CPU
		{E4496560-8B76-43E4-AC13-9DCAA5053D43}.Debug|Any CPU.Build.0 = Debug|Any CPU
		{E4496560-8B76-43E4-AC13-9DCAA5053D43}.Debug|ARM.ActiveCfg = Debug|ARM
		{E4496560-8B76-43E4-AC13-9DCAA5053D43}.Debug|ARM.Build.0 = Debug|ARM
		{E4496560-8B76-43E4-AC13-9DCAA5053D43}.Debug|x64.ActiveCfg = Debug|x64
		{E4496560-8B76-43E4-AC13-9DCAA5053D43}.Debug|x64.Build.0 = Debug|x64
		{E4496560-8B76-43E4-AC13-9DCAA5053D43}.Debug|x86.ActiveCfg = Debug|x86
		{E4496560-8B76-43E4-AC13-9DCAA5053D43}.Debug|x86.Build.0 = Debug|x86
		{E4496560-8B76-43E4-AC13-9DCAA5053D43}.Release|Any CPU.ActiveCfg = Release|Any CPU
		{E4496560-8B76-43E4-AC13-9DCAA5053D43}.Release|Any CPU.Build.0 = Release|Any CPU
		{E4496560-8B76-43E4-AC13-9DCAA5053D43}.Release|ARM.ActiveCfg = Release|ARM
		{E4496560-8B76-43E4-AC13-9DCAA5053D43}.Release|ARM.Build.0 = Release|ARM
		{E4496560-8B76-43E4-AC13-9DCAA5053D43}.Release|x64.ActiveCfg = Release|x64
		{E4496560-8B76-43E4-AC13-9DCAA5053D43}.Release|x64.Build.0 = Release|x64
		{E4496560-8B76-43E4-AC13-9DCAA5053D43}.Release|x86.ActiveCfg = Release|x86
		{E4496560-8B76-43E4-AC13-9DCAA5053D43}.Release|x86.Build.0 = Release|x86
		{39978C13-4B95-418B-BB85-D26601A4A346}.Debug|Any CPU.ActiveCfg = Debug|Any CPU
		{39978C13-4B95-418B-BB85-D26601A4A346}.Debug|Any CPU.Build.0 = Debug|Any CPU
		{39978C13-4B95-418B-BB85-D26601A4A346}.Debug|ARM.ActiveCfg = Debug|ARM
		{39978C13-4B95-418B-BB85-D26601A4A346}.Debug|ARM.Build.0 = Debug|ARM
		{39978C13-4B95-418B-BB85-D26601A4A346}.Debug|x64.ActiveCfg = Debug|x64
		{39978C13-4B95-418B-BB85-D26601A4A346}.Debug|x64.Build.0 = Debug|x64
		{39978C13-4B95-418B-BB85-D26601A4A346}.Debug|x86.ActiveCfg = Debug|x86
		{39978C13-4B95-418B-BB85-D26601A4A346}.Debug|x86.Build.0 = Debug|x86
		{39978C13-4B95-418B-BB85-D26601A4A346}.Release|Any CPU.ActiveCfg = Release|Any CPU
		{39978C13-4B95-418B-BB85-D26601A4A346}.Release|Any CPU.Build.0 = Release|Any CPU
		{39978C13-4B95-418B-BB85-D26601A4A346}.Release|ARM.ActiveCfg = Release|ARM
		{39978C13-4B95-418B-BB85-D26601A4A346}.Release|ARM.Build.0 = Release|ARM
		{39978C13-4B95-418B-BB85-D26601A4A346}.Release|x64.ActiveCfg = Release|x64
		{39978C13-4B95-418B-BB85-D26601A4A346}.Release|x64.Build.0 = Release|x64
		{39978C13-4B95-418B-BB85-D26601A4A346}.Release|x86.ActiveCfg = Release|x86
		{39978C13-4B95-418B-BB85-D26601A4A346}.Release|x86.Build.0 = Release|x86
	EndGlobalSection
	GlobalSection(SolutionProperties) = preSolution
		HideSolutionNode = FALSE
	EndGlobalSection
	GlobalSection(ExtensibilityGlobals) = postSolution
		SolutionGuid = {F672763E-9C88-4C18-9516-84A111C24358}
	EndGlobalSection
EndGlobal
